
Microsoft Visual Studio Solution File, Format Version 12.00
# Visual Studio Version 17
VisualStudioVersion = 17.2.32526.322
MinimumVisualStudioVersion = 10.0.40219.1
Project("{FAE04EC0-301F-11D3-BF4B-00C04F79EFBC}") = "Web_API_Training", "Web_API_Training\Web_API_Training.csproj", "{43BDC633-77FB-4E7F-9336-82AE0964C24D}"
EndProject
Global
	GlobalSection(SolutionConfigurationPlatforms) = preSolution
		Debug|Any CPU = Debug|Any CPU
		Release|Any CPU = Release|Any CPU
	EndGlobalSection
	GlobalSection(ProjectConfigurationPlatforms) = postSolution
		{43BDC633-77FB-4E7F-9336-82AE0964C24D}.Debug|Any CPU.ActiveCfg = Debug|Any CPU
		{43BDC633-77FB-4E7F-9336-82AE0964C24D}.Debug|Any CPU.Build.0 = Debug|Any CPU
		{43BDC633-77FB-4E7F-9336-82AE0964C24D}.Release|Any CPU.ActiveCfg = Release|Any CPU
		{43BDC633-77FB-4E7F-9336-82AE0964C24D}.Release|Any CPU.Build.0 = Release|Any CPU
	EndGlobalSection
	GlobalSection(SolutionProperties) = preSolution
		HideSolutionNode = FALSE
	EndGlobalSection
	GlobalSection(ExtensibilityGlobals) = postSolution
		SolutionGuid = {474D844E-C658-432D-A19C-4DCF7BD04A6A}
	EndGlobalSection
EndGlobal
