
Microsoft Visual Studio Solution File, Format Version 12.00
# Visual Studio Version 17
VisualStudioVersion = 17.2.32526.322
MinimumVisualStudioVersion = 10.0.40219.1
Project("{9A19103F-16F7-4668-BE54-9A1E7A4F7556}") = "Web_API_Training", "Web_API_Training\Web_API_Training.csproj", "{43BDC633-77FB-4E7F-9336-82AE0964C24D}"
EndProject
Project("{FAE04EC0-301F-11D3-BF4B-00C04F79EFBC}") = "Web_API_Training.Core", "Web_API_Training.Core\Web_API_Training.Core.csproj", "{515F50EF-ADEC-4B66-B7BB-D4021AFA8410}"
EndProject
Project("{FAE04EC0-301F-11D3-BF4B-00C04F79EFBC}") = "Web_API_Training.Infra", "Web_API_Training.Infra\Web_API_Training.Infra.csproj", "{0D5CA886-4287-45AC-A16B-9B01BD117D3A}"
EndProject
Global
	GlobalSection(SolutionConfigurationPlatforms) = preSolution
		Debug|Any CPU = Debug|Any CPU
		Release|Any CPU = Release|Any CPU
	EndGlobalSection
	GlobalSection(ProjectConfigurationPlatforms) = postSolution
		{43BDC633-77FB-4E7F-9336-82AE0964C24D}.Debug|Any CPU.ActiveCfg = Debug|Any CPU
		{43BDC633-77FB-4E7F-9336-82AE0964C24D}.Debug|Any CPU.Build.0 = Debug|Any CPU
		{43BDC633-77FB-4E7F-9336-82AE0964C24D}.Release|Any CPU.ActiveCfg = Release|Any CPU
		{43BDC633-77FB-4E7F-9336-82AE0964C24D}.Release|Any CPU.Build.0 = Release|Any CPU
		{515F50EF-ADEC-4B66-B7BB-D4021AFA8410}.Debug|Any CPU.ActiveCfg = Debug|Any CPU
		{515F50EF-ADEC-4B66-B7BB-D4021AFA8410}.Debug|Any CPU.Build.0 = Debug|Any CPU
		{515F50EF-ADEC-4B66-B7BB-D4021AFA8410}.Release|Any CPU.ActiveCfg = Release|Any CPU
		{515F50EF-ADEC-4B66-B7BB-D4021AFA8410}.Release|Any CPU.Build.0 = Release|Any CPU
		{0D5CA886-4287-45AC-A16B-9B01BD117D3A}.Debug|Any CPU.ActiveCfg = Debug|Any CPU
		{0D5CA886-4287-45AC-A16B-9B01BD117D3A}.Debug|Any CPU.Build.0 = Debug|Any CPU
		{0D5CA886-4287-45AC-A16B-9B01BD117D3A}.Release|Any CPU.ActiveCfg = Release|Any CPU
		{0D5CA886-4287-45AC-A16B-9B01BD117D3A}.Release|Any CPU.Build.0 = Release|Any CPU
	EndGlobalSection
	GlobalSection(SolutionProperties) = preSolution
		HideSolutionNode = FALSE
	EndGlobalSection
	GlobalSection(ExtensibilityGlobals) = postSolution
		SolutionGuid = {474D844E-C658-432D-A19C-4DCF7BD04A6A}
	EndGlobalSection
EndGlobal
